
Microsoft Visual Studio Solution File, Format Version 12.00
# Visual Studio Version 16
VisualStudioVersion = 16.0.31829.152
MinimumVisualStudioVersion = 10.0.40219.1
Project("{FAE04EC0-301F-11D3-BF4B-00C04F79EFBC}") = "ProjetoEstoque", "ProjetoEstoque\ProjetoEstoque.csproj", "{E2558E4B-042E-4B39-BFCC-0DD813CA80CB}"
EndProject
Global
	GlobalSection(SolutionConfigurationPlatforms) = preSolution
		Debug|Any CPU = Debug|Any CPU
		Release|Any CPU = Release|Any CPU
	EndGlobalSection
	GlobalSection(ProjectConfigurationPlatforms) = postSolution
		{E2558E4B-042E-4B39-BFCC-0DD813CA80CB}.Debug|Any CPU.ActiveCfg = Debug|Any CPU
		{E2558E4B-042E-4B39-BFCC-0DD813CA80CB}.Debug|Any CPU.Build.0 = Debug|Any CPU
		{E2558E4B-042E-4B39-BFCC-0DD813CA80CB}.Release|Any CPU.ActiveCfg = Release|Any CPU
		{E2558E4B-042E-4B39-BFCC-0DD813CA80CB}.Release|Any CPU.Build.0 = Release|Any CPU
	EndGlobalSection
	GlobalSection(SolutionProperties) = preSolution
		HideSolutionNode = FALSE
	EndGlobalSection
	GlobalSection(ExtensibilityGlobals) = postSolution
		SolutionGuid = {508C669B-F4BE-4A8B-A786-DF3736986756}
	EndGlobalSection
EndGlobal
